github.com/go-chi/chi v1.5.5 h1:vOB/HbEMt9QqBqErz07QehcOKHaWFtuj87tTDVz2qXE=
github.com/go-chi/chi v1.5.5/go.mod h1:C9JqLr3tIYjDOZpzn+BCuxY8z8vmca43EeMgyZt7irw=
github.com/mattn/go-sqlite3 v1.14.28 h1:ThEiQrnbtumT+QMknw63Befp/ce/nUPgBPMlRFEum7A=
github.com/mattn/go-sqlite3 v1.14.28/go.mod h1:Uh1q+B4BYcTPb+yiD3kU8Ct7aC0hY9fxUwlHK0RXw+Y=
